
Microsoft Visual Studio Solution File, Format Version 12.00
# Visual Studio Version 16
VisualStudioVersion = 16.0.31605.320
MinimumVisualStudioVersion = 10.0.40219.1
Project("{FAE04EC0-301F-11D3-BF4B-00C04F79EFBC}") = "backend-app", "backend-app\backend-app.csproj", "{DFC25C6E-9113-460F-B524-D8FB8D549C79}"
EndProject
Global
	GlobalSection(SolutionConfigurationPlatforms) = preSolution
		Debug|Any CPU = Debug|Any CPU
		Release|Any CPU = Release|Any CPU
	EndGlobalSection
	GlobalSection(ProjectConfigurationPlatforms) = postSolution
		{DFC25C6E-9113-460F-B524-D8FB8D549C79}.Debug|Any CPU.ActiveCfg = Debug|Any CPU
		{DFC25C6E-9113-460F-B524-D8FB8D549C79}.Debug|Any CPU.Build.0 = Debug|Any CPU
		{DFC25C6E-9113-460F-B524-D8FB8D549C79}.Release|Any CPU.ActiveCfg = Release|Any CPU
		{DFC25C6E-9113-460F-B524-D8FB8D549C79}.Release|Any CPU.Build.0 = Release|Any CPU
	EndGlobalSection
	GlobalSection(SolutionProperties) = preSolution
		HideSolutionNode = FALSE
	EndGlobalSection
	GlobalSection(ExtensibilityGlobals) = postSolution
		SolutionGuid = {F6A7D842-5E4B-4BDF-8182-497A71D2399D}
	EndGlobalSection
EndGlobal
